
Microsoft Visual Studio Solution File, Format Version 12.00
# Visual Studio Version 17
VisualStudioVersion = 17.8.34511.84
MinimumVisualStudioVersion = 10.0.40219.1
Project("{FAE04EC0-301F-11D3-BF4B-00C04F79EFBC}") = "Loop_Solution", "Loop_Solution.csproj", "{2D981626-84CE-4887-AB71-9D80293F301B}"
EndProject
Global
	GlobalSection(SolutionConfigurationPlatforms) = preSolution
		Debug|Any CPU = Debug|Any CPU
		Release|Any CPU = Release|Any CPU
	EndGlobalSection
	GlobalSection(ProjectConfigurationPlatforms) = postSolution
		{2D981626-84CE-4887-AB71-9D80293F301B}.Debug|Any CPU.ActiveCfg = Debug|Any CPU
		{2D981626-84CE-4887-AB71-9D80293F301B}.Debug|Any CPU.Build.0 = Debug|Any CPU
		{2D981626-84CE-4887-AB71-9D80293F301B}.Release|Any CPU.ActiveCfg = Release|Any CPU
		{2D981626-84CE-4887-AB71-9D80293F301B}.Release|Any CPU.Build.0 = Release|Any CPU
	EndGlobalSection
	GlobalSection(SolutionProperties) = preSolution
		HideSolutionNode = FALSE
	EndGlobalSection
	GlobalSection(ExtensibilityGlobals) = postSolution
		SolutionGuid = {74C94A54-ECF5-47F5-81D1-767FA567C67F}
	EndGlobalSection
EndGlobal
